
Microsoft Visual Studio Solution File, Format Version 12.00
# Visual Studio Version 17
VisualStudioVersion = 17.4.33403.182
MinimumVisualStudioVersion = 10.0.40219.1
Project("{9A19103F-16F7-4668-BE54-9A1E7A4F7556}") = "BulkyBookweb", "BulkyBookweb\BulkyBookweb.csproj", "{F6C48B04-1F1C-4BA2-9C5C-051B7E548BA3}"
EndProject
Global
	GlobalSection(SolutionConfigurationPlatforms) = preSolution
		Debug|Any CPU = Debug|Any CPU
		Release|Any CPU = Release|Any CPU
	EndGlobalSection
	GlobalSection(ProjectConfigurationPlatforms) = postSolution
		{F6C48B04-1F1C-4BA2-9C5C-051B7E548BA3}.Debug|Any CPU.ActiveCfg = Debug|Any CPU
		{F6C48B04-1F1C-4BA2-9C5C-051B7E548BA3}.Debug|Any CPU.Build.0 = Debug|Any CPU
		{F6C48B04-1F1C-4BA2-9C5C-051B7E548BA3}.Release|Any CPU.ActiveCfg = Release|Any CPU
		{F6C48B04-1F1C-4BA2-9C5C-051B7E548BA3}.Release|Any CPU.Build.0 = Release|Any CPU
	EndGlobalSection
	GlobalSection(SolutionProperties) = preSolution
		HideSolutionNode = FALSE
	EndGlobalSection
	GlobalSection(ExtensibilityGlobals) = postSolution
		SolutionGuid = {2D1015B4-C2C4-4DC1-8B13-0FFF816D13D5}
	EndGlobalSection
EndGlobal
